// !$*UTF8*$!
{
	archiveVersion = 1;
	classes = {
	};
	objectVersion = 56;
	objects = {

/* Begin PBXBuildFile section */
		FE1BFA2728F7A40E0030E2A1 /* SecondView.swift in Sources */ = {isa = PBXBuildFile; fileRef = FE1BFA2628F7A40E0030E2A1 /* SecondView.swift */; };
		FE1BFA2928F8B0E30030E2A1 /* ThirdView.swift in Sources */ = {isa = PBXBuildFile; fileRef = FE1BFA2828F8B0E30030E2A1 /* ThirdView.swift */; };
		FE1BFA2B28F9CA1D0030E2A1 /* FourthView.swift in Sources */ = {isa = PBXBuildFile; fileRef = FE1BFA2A28F9CA1D0030E2A1 /* FourthView.swift */; };
		FEFA987828F6481500A867DE /* ArrowTestApp.swift in Sources */ = {isa = PBXBuildFile; fileRef = FEFA987728F6481500A867DE /* ArrowTestApp.swift */; };
		FEFA987A28F6481500A867DE /* ContentView.swift in Sources */ = {isa = PBXBuildFile; fileRef = FEFA987928F6481500A867DE /* ContentView.swift */; };
		FEFA987C28F6481500A867DE /* Assets.xcassets in Resources */ = {isa = PBXBuildFile; fileRef = FEFA987B28F6481500A867DE /* Assets.xcassets */; };
		FEFA987F28F6481500A867DE /* Preview Assets.xcassets in Resources */ = {isa = PBXBuildFile; fileRef = FEFA987E28F6481500A867DE /* Preview Assets.xcassets */; };
		FEFA988928F6481600A867DE /* ArrowTestTests.swift in Sources */ = {isa = PBXBuildFile; fileRef = FEFA988828F6481600A867DE /* ArrowTestTests.swift */; };
		FEFA989328F6481600A867DE /* ArrowTestUITests.swift in Sources */ = {isa = PBXBuildFile; fileRef = FEFA989228F6481600A867DE /* ArrowTestUITests.swift */; };
		FEFA989528F6481600A867DE /* ArrowTestUITestsLaunchTests.swift in Sources */ = {isa = PBXBuildFile; fileRef = FEFA989428F6481600A867DE /* ArrowTestUITestsLaunchTests.swift */; };
		FEFA98A228F655C400A867DE /* ArrowUIView.swift in Sources */ = {isa = PBXBuildFile; fileRef = FEFA98A128F655C400A867DE /* ArrowUIView.swift */; };
/* End PBXBuildFile section */

/* Begin PBXContainerItemProxy section */
		FEFA988528F6481500A867DE /* PBXContainerItemProxy */ = {
			isa = PBXContainerItemProxy;
			containerPortal = FEFA986C28F6481500A867DE /* Project object */;
			proxyType = 1;
			remoteGlobalIDString = FEFA987328F6481500A867DE;
			remoteInfo = ArrowTest;
		};
		FEFA988F28F6481600A867DE /* PBXContainerItemProxy */ = {
			isa = PBXContainerItemProxy;
			containerPortal = FEFA986C28F6481500A867DE /* Project object */;
			proxyType = 1;
			remoteGlobalIDString = FEFA987328F6481500A867DE;
			remoteInfo = ArrowTest;
		};
/* End PBXContainerItemProxy section */

/* Begin PBXFileReference section */
		FE1BFA2628F7A40E0030E2A1 /* SecondView.swift */ = {isa = PBXFileReference; lastKnownFileType = sourcecode.swift; path = SecondView.swift; sourceTree = "<group>"; };
		FE1BFA2828F8B0E30030E2A1 /* ThirdView.swift */ = {isa = PBXFileReference; lastKnownFileType = sourcecode.swift; path = ThirdView.swift; sourceTree = "<group>"; };
		FE1BFA2A28F9CA1D0030E2A1 /* FourthView.swift */ = {isa = PBXFileReference; lastKnownFileType = sourcecode.swift; path = FourthView.swift; sourceTree = "<group>"; };
		FEFA987428F6481500A867DE /* ArrowTest.app */ = {isa = PBXFileReference; explicitFileType = wrapper.application; includeInIndex = 0; path = ArrowTest.app; sourceTree = BUILT_PRODUCTS_DIR; };
		FEFA987728F6481500A867DE /* ArrowTestApp.swift */ = {isa = PBXFileReference; lastKnownFileType = sourcecode.swift; path = ArrowTestApp.swift; sourceTree = "<group>"; };
		FEFA987928F6481500A867DE /* ContentView.swift */ = {isa = PBXFileReference; lastKnownFileType = sourcecode.swift; path = ContentView.swift; sourceTree = "<group>"; };
		FEFA987B28F6481500A867DE /* Assets.xcassets */ = {isa = PBXFileReference; lastKnownFileType = folder.assetcatalog; path = Assets.xcassets; sourceTree = "<group>"; };
		FEFA987E28F6481500A867DE /* Preview Assets.xcassets */ = {isa = PBXFileReference; lastKnownFileType = folder.assetcatalog; path = "Preview Assets.xcassets"; sourceTree = "<group>"; };
		FEFA988428F6481500A867DE /* ArrowTestTests.xctest */ = {isa = PBXFileReference; explicitFileType = wrapper.cfbundle; includeInIndex = 0; path = ArrowTestTests.xctest; sourceTree = BUILT_PRODUCTS_DIR; };
		FEFA988828F6481600A867DE /* ArrowTestTests.swift */ = {isa = PBXFileReference; lastKnownFileType = sourcecode.swift; path = ArrowTestTests.swift; sourceTree = "<group>"; };
		FEFA988E28F6481600A867DE /* ArrowTestUITests.xctest */ = {isa = PBXFileReference; explicitFileType = wrapper.cfbundle; includeInIndex = 0; path = ArrowTestUITests.xctest; sourceTree = BUILT_PRODUCTS_DIR; };
		FEFA989228F6481600A867DE /* ArrowTestUITests.swift */ = {isa = PBXFileReference; lastKnownFileType = sourcecode.swift; path = ArrowTestUITests.swift; sourceTree = "<group>"; };
		FEFA989428F6481600A867DE /* ArrowTestUITestsLaunchTests.swift */ = {isa = PBXFileReference; lastKnownFileType = sourcecode.swift; path = ArrowTestUITestsLaunchTests.swift; sourceTree = "<group>"; };
		FEFA98A128F655C400A867DE /* ArrowUIView.swift */ = {isa = PBXFileReference; lastKnownFileType = sourcecode.swift; path = ArrowUIView.swift; sourceTree = "<group>"; };
/* End PBXFileReference section */

/* Begin PBXFrameworksBuildPhase section */
		FEFA987128F6481500A867DE /* Frameworks */ = {
			isa = PBXFrameworksBuildPhase;
			buildActionMask = 2147483647;
			files = (
			);
			runOnlyForDeploymentPostprocessing = 0;
		};
		FEFA988128F6481500A867DE /* Frameworks */ = {
			isa = PBXFrameworksBuildPhase;
			buildActionMask = 2147483647;
			files = (
			);
			runOnlyForDeploymentPostprocessing = 0;
		};
		FEFA988B28F6481600A867DE /* Frameworks */ = {
			isa = PBXFrameworksBuildPhase;
			buildActionMask = 2147483647;
			files = (
			);
			runOnlyForDeploymentPostprocessing = 0;
		};
/* End PBXFrameworksBuildPhase section */

/* Begin PBXGroup section */
		FEFA986B28F6481500A867DE = {
			isa = PBXGroup;
			children = (
				FEFA987628F6481500A867DE /* ArrowTest */,
				FEFA988728F6481600A867DE /* ArrowTestTests */,
				FEFA989128F6481600A867DE /* ArrowTestUITests */,
				FEFA987528F6481500A867DE /* Products */,
			);
			sourceTree = "<group>";
		};
		FEFA987528F6481500A867DE /* Products */ = {
			isa = PBXGroup;
			children = (
				FEFA987428F6481500A867DE /* ArrowTest.app */,
				FEFA988428F6481500A867DE /* ArrowTestTests.xctest */,
				FEFA988E28F6481600A867DE /* ArrowTestUITests.xctest */,
			);
			name = Products;
			sourceTree = "<group>";
		};
		FEFA987628F6481500A867DE /* ArrowTest */ = {
			isa = PBXGroup;
			children = (
				FEFA987728F6481500A867DE /* ArrowTestApp.swift */,
				FEFA987928F6481500A867DE /* ContentView.swift */,
				FEFA987B28F6481500A867DE /* Assets.xcassets */,
				FEFA987D28F6481500A867DE /* Preview Content */,
				FEFA98A128F655C400A867DE /* ArrowUIView.swift */,
				FE1BFA2628F7A40E0030E2A1 /* SecondView.swift */,
				FE1BFA2828F8B0E30030E2A1 /* ThirdView.swift */,
				FE1BFA2A28F9CA1D0030E2A1 /* FourthView.swift */,
			);
			path = ArrowTest;
			sourceTree = "<group>";
		};
		FEFA987D28F6481500A867DE /* Preview Content */ = {
			isa = PBXGroup;
			children = (
				FEFA987E28F6481500A867DE /* Preview Assets.xcassets */,
			);
			path = "Preview Content";
			sourceTree = "<group>";
		};
		FEFA988728F6481600A867DE /* ArrowTestTests */ = {
			isa = PBXGroup;
			children = (
				FEFA988828F6481600A867DE /* ArrowTestTests.swift */,
			);
			path = ArrowTestTests;
			sourceTree = "<group>";
		};
		FEFA989128F6481600A867DE /* ArrowTestUITests */ = {
			isa = PBXGroup;
			children = (
				FEFA989228F6481600A867DE /* ArrowTestUITests.swift */,
				FEFA989428F6481600A867DE /* ArrowTestUITestsLaunchTests.swift */,
			);
			path = ArrowTestUITests;
			sourceTree = "<group>";
		};
/* End PBXGroup section */

/* Begin PBXNativeTarget section */
		FEFA987328F6481500A867DE /* ArrowTest */ = {
			isa = PBXNativeTarget;
			buildConfigurationList = FEFA989828F6481600A867DE /* Build configuration list for PBXNativeTarget "ArrowTest" */;
			buildPhases = (
				FEFA987028F6481500A867DE /* Sources */,
				FEFA987128F6481500A867DE /* Frameworks */,
				FEFA987228F6481500A867DE /* Resources */,
			);
			buildRules = (
			);
			dependencies = (
			);
			name = ArrowTest;
			productName = ArrowTest;
			productReference = FEFA987428F6481500A867DE /* ArrowTest.app */;
			productType = "com.apple.product-type.application";
		};
		FEFA988328F6481500A867DE /* ArrowTestTests */ = {
			isa = PBXNativeTarget;
			buildConfigurationList = FEFA989B28F6481600A867DE /* Build configuration list for PBXNativeTarget "ArrowTestTests" */;
			buildPhases = (
				FEFA988028F6481500A867DE /* Sources */,
				FEFA988128F6481500A867DE /* Frameworks */,
				FEFA988228F6481500A867DE /* Resources */,
			);
			buildRules = (
			);
			dependencies = (
				FEFA988628F6481500A867DE /* PBXTargetDependency */,
			);
			name = ArrowTestTests;
			productName = ArrowTestTests;
			productReference = FEFA988428F6481500A867DE /* ArrowTestTests.xctest */;
			productType = "com.apple.product-type.bundle.unit-test";
		};
		FEFA988D28F6481600A867DE /* ArrowTestUITests */ = {
			isa = PBXNativeTarget;
			buildConfigurationList = FEFA989E28F6481600A867DE /* Build configuration list for PBXNativeTarget "ArrowTestUITests" */;
			buildPhases = (
				FEFA988A28F6481600A867DE /* Sources */,
				FEFA988B28F6481600A867DE /* Frameworks */,
				FEFA988C28F6481600A867DE /* Resources */,
			);
			buildRules = (
			);
			dependencies = (
				FEFA989028F6481600A867DE /* PBXTargetDependency */,
			);
			name = ArrowTestUITests;
			productName = ArrowTestUITests;
			productReference = FEFA988E28F6481600A867DE /* ArrowTestUITests.xctest */;
			productType = "com.apple.product-type.bundle.ui-testing";
		};
/* End PBXNativeTarget section */

/* Begin PBXProject section */
		FEFA986C28F6481500A867DE /* Project object */ = {
			isa = PBXProject;
			attributes = {
				BuildIndependentTargetsInParallel = 1;
				LastSwiftUpdateCheck = 1400;
				LastUpgradeCheck = 1400;
				TargetAttributes = {
					FEFA987328F6481500A867DE = {
						CreatedOnToolsVersion = 14.0;
					};
					FEFA988328F6481500A867DE = {
						CreatedOnToolsVersion = 14.0;
						TestTargetID = FEFA987328F6481500A867DE;
					};
					FEFA988D28F6481600A867DE = {
						CreatedOnToolsVersion = 14.0;
						TestTargetID = FEFA987328F6481500A867DE;
					};
				};
			};
			buildConfigurationList = FEFA986F28F6481500A867DE /* Build configuration list for PBXProject "ArrowTest" */;
			compatibilityVersion = "Xcode 14.0";
			developmentRegion = en;
			hasScannedForEncodings = 0;
			knownRegions = (
				en,
				Base,
			);
			mainGroup = FEFA986B28F6481500A867DE;
			productRefGroup = FEFA987528F6481500A867DE /* Products */;
			projectDirPath = "";
			projectRoot = "";
			targets = (
				FEFA987328F6481500A867DE /* ArrowTest */,
				FEFA988328F6481500A867DE /* ArrowTestTests */,
				FEFA988D28F6481600A867DE /* ArrowTestUITests */,
			);
		};
/* End PBXProject section */

/* Begin PBXResourcesBuildPhase section */
		FEFA987228F6481500A867DE /* Resources */ = {
			isa = PBXResourcesBuildPhase;
			buildActionMask = 2147483647;
			files = (
				FEFA987F28F6481500A867DE /* Preview Assets.xcassets in Resources */,
				FEFA987C28F6481500A867DE /* Assets.xcassets in Resources */,
			);
			runOnlyForDeploymentPostprocessing = 0;
		};
		FEFA988228F6481500A867DE /* Resources */ = {
			isa = PBXResourcesBuildPhase;
			buildActionMask = 2147483647;
			files = (
			);
			runOnlyForDeploymentPostprocessing = 0;
		};
		FEFA988C28F6481600A867DE /* Resources */ = {
			isa = PBXResourcesBuildPhase;
			buildActionMask = 2147483647;
			files = (
			);
			runOnlyForDeploymentPostprocessing = 0;
		};
/* End PBXResourcesBuildPhase section */

/* Begin PBXSourcesBuildPhase section */
		FEFA987028F6481500A867DE /* Sources */ = {
			isa = PBXSourcesBuildPhase;
			buildActionMask = 2147483647;
			files = (
				FEFA987A28F6481500A867DE /* ContentView.swift in Sources */,
				FE1BFA2928F8B0E30030E2A1 /* ThirdView.swift in Sources */,
				FEFA98A228F655C400A867DE /* ArrowUIView.swift in Sources */,
				FE1BFA2728F7A40E0030E2A1 /* SecondView.swift in Sources */,
				FE1BFA2B28F9CA1D0030E2A1 /* FourthView.swift in Sources */,
				FEFA987828F6481500A867DE /* ArrowTestApp.swift in Sources */,
			);
			runOnlyForDeploymentPostprocessing = 0;
		};
		FEFA988028F6481500A867DE /* Sources */ = {
			isa = PBXSourcesBuildPhase;
			buildActionMask = 2147483647;
			files = (
				FEFA988928F6481600A867DE /* ArrowTestTests.swift in Sources */,
			);
			runOnlyForDeploymentPostprocessing = 0;
		};
		FEFA988A28F6481600A867DE /* Sources */ = {
			isa = PBXSourcesBuildPhase;
			buildActionMask = 2147483647;
			files = (
				FEFA989528F6481600A867DE /* ArrowTestUITestsLaunchTests.swift in Sources */,
				FEFA989328F6481600A867DE /* ArrowTestUITests.swift in Sources */,
			);
			runOnlyForDeploymentPostprocessing = 0;
		};
/* End PBXSourcesBuildPhase section */

/* Begin PBXTargetDependency section */
		FEFA988628F6481500A867DE /* PBXTargetDependency */ = {
			isa = PBXTargetDependency;
			target = FEFA987328F6481500A867DE /* ArrowTest */;
			targetProxy = FEFA988528F6481500A867DE /* PBXContainerItemProxy */;
		};
		FEFA989028F6481600A867DE /* PBXTargetDependency */ = {
			isa = PBXTargetDependency;
			target = FEFA987328F6481500A867DE /* ArrowTest */;
			targetProxy = FEFA988F28F6481600A867DE /* PBXContainerItemProxy */;
		};
/* End PBXTargetDependency section */

/* Begin XCBuildConfiguration section */
		FEFA989628F6481600A867DE /* Debug */ = {
			isa = XCBuildConfiguration;
			buildSettings = {
				ALWAYS_SEARCH_USER_PATHS = NO;
				CLANG_ANALYZER_NONNULL = YES;
				CLANG_ANALYZER_NUMBER_OBJECT_CONVERSION = YES_AGGRESSIVE;
				CLANG_CXX_LANGUAGE_STANDARD = "gnu++20";
				CLANG_ENABLE_MODULES = YES;
				CLANG_ENABLE_OBJC_ARC = YES;
				CLANG_ENABLE_OBJC_WEAK = YES;
				CLANG_WARN_BLOCK_CAPTURE_AUTORELEASING = YES;
				CLANG_WARN_BOOL_CONVERSION = YES;
				CLANG_WARN_COMMA = YES;
				CLANG_WARN_CONSTANT_CONVERSION = YES;
				CLANG_WARN_DEPRECATED_OBJC_IMPLEMENTATIONS = YES;
				CLANG_WARN_DIRECT_OBJC_ISA_USAGE = YES_ERROR;
				CLANG_WARN_DOCUMENTATION_COMMENTS = YES;
				CLANG_WARN_EMPTY_BODY = YES;
				CLANG_WARN_ENUM_CONVERSION = YES;
				CLANG_WARN_INFINITE_RECURSION = YES;
				CLANG_WARN_INT_CONVERSION = YES;
				CLANG_WARN_NON_LITERAL_NULL_CONVERSION = YES;
				CLANG_WARN_OBJC_IMPLICIT_RETAIN_SELF = YES;
				CLANG_WARN_OBJC_LITERAL_CONVERSION = YES;
				CLANG_WARN_OBJC_ROOT_CLASS = YES_ERROR;
				CLANG_WARN_QUOTED_INCLUDE_IN_FRAMEWORK_HEADER = YES;
				CLANG_WARN_RANGE_LOOP_ANALYSIS = YES;
				CLANG_WARN_STRICT_PROTOTYPES = YES;
				CLANG_WARN_SUSPICIOUS_MOVE = YES;
				CLANG_WARN_UNGUARDED_AVAILABILITY = YES_AGGRESSIVE;
				CLANG_WARN_UNREACHABLE_CODE = YES;
				CLANG_WARN__DUPLICATE_METHOD_MATCH = YES;
				COPY_PHASE_STRIP = NO;
				DEBUG_INFORMATION_FORMAT = dwarf;
				ENABLE_STRICT_OBJC_MSGSEND = YES;
				ENABLE_TESTABILITY = YES;
				GCC_C_LANGUAGE_STANDARD = gnu11;
				GCC_DYNAMIC_NO_PIC = NO;
				GCC_NO_COMMON_BLOCKS = YES;
				GCC_OPTIMIZATION_LEVEL = 0;
				GCC_PREPROCESSOR_DEFINITIONS = (
					"DEBUG=1",
					"$(inherited)",
				);
				GCC_WARN_64_TO_32_BIT_CONVERSION = YES;
				GCC_WARN_ABOUT_RETURN_TYPE = YES_ERROR;
				GCC_WARN_UNDECLARED_SELECTOR = YES;
				GCC_WARN_UNINITIALIZED_AUTOS = YES_AGGRESSIVE;
				GCC_WARN_UNUSED_FUNCTION = YES;
				GCC_WARN_UNUSED_VARIABLE = YES;
				IPHONEOS_DEPLOYMENT_TARGET = 16.0;
				MTL_ENABLE_DEBUG_INFO = INCLUDE_SOURCE;
				MTL_FAST_MATH = YES;
				ONLY_ACTIVE_ARCH = YES;
				SDKROOT = iphoneos;
				SWIFT_ACTIVE_COMPILATION_CONDITIONS = DEBUG;
				SWIFT_OPTIMIZATION_LEVEL = "-Onone";
			};
			name = Debug;
		};
		FEFA989728F6481600A867DE /* Release */ = {
			isa = XCBuildConfiguration;
			buildSettings = {
				ALWAYS_SEARCH_USER_PATHS = NO;
				CLANG_ANALYZER_NONNULL = YES;
				CLANG_ANALYZER_NUMBER_OBJECT_CONVERSION = YES_AGGRESSIVE;
				CLANG_CXX_LANGUAGE_STANDARD = "gnu++20";
				CLANG_ENABLE_MODULES = YES;
				CLANG_ENABLE_OBJC_ARC = YES;
				CLANG_ENABLE_OBJC_WEAK = YES;
				CLANG_WARN_BLOCK_CAPTURE_AUTORELEASING = YES;
				CLANG_WARN_BOOL_CONVERSION = YES;
				CLANG_WARN_COMMA = YES;
				CLANG_WARN_CONSTANT_CONVERSION = YES;
				CLANG_WARN_DEPRECATED_OBJC_IMPLEMENTATIONS = YES;
				CLANG_WARN_DIRECT_OBJC_ISA_USAGE = YES_ERROR;
				CLANG_WARN_DOCUMENTATION_COMMENTS = YES;
				CLANG_WARN_EMPTY_BODY = YES;
				CLANG_WARN_ENUM_CONVERSION = YES;
				CLANG_WARN_INFINITE_RECURSION = YES;
				CLANG_WARN_INT_CONVERSION = YES;
				CLANG_WARN_NON_LITERAL_NULL_CONVERSION = YES;
				CLANG_WARN_OBJC_IMPLICIT_RETAIN_SELF = YES;
				CLANG_WARN_OBJC_LITERAL_CONVERSION = YES;
				CLANG_WARN_OBJC_ROOT_CLASS = YES_ERROR;
				CLANG_WARN_QUOTED_INCLUDE_IN_FRAMEWORK_HEADER = YES;
				CLANG_WARN_RANGE_LOOP_ANALYSIS = YES;
				CLANG_WARN_STRICT_PROTOTYPES = YES;
				CLANG_WARN_SUSPICIOUS_MOVE = YES;
				CLANG_WARN_UNGUARDED_AVAILABILITY = YES_AGGRESSIVE;
				CLANG_WARN_UNREACHABLE_CODE = YES;
				CLANG_WARN__DUPLICATE_METHOD_MATCH = YES;
				COPY_PHASE_STRIP = NO;
				DEBUG_INFORMATION_FORMAT = "dwarf-with-dsym";
				ENABLE_NS_ASSERTIONS = NO;
				ENABLE_STRICT_OBJC_MSGSEND = YES;
				GCC_C_LANGUAGE_STANDARD = gnu11;
				GCC_NO_COMMON_BLOCKS = YES;
				GCC_WARN_64_TO_32_BIT_CONVERSION = YES;
				GCC_WARN_ABOUT_RETURN_TYPE = YES_ERROR;
				GCC_WARN_UNDECLARED_SELECTOR = YES;
				GCC_WARN_UNINITIALIZED_AUTOS = YES_AGGRESSIVE;
				GCC_WARN_UNUSED_FUNCTION = YES;
				GCC_WARN_UNUSED_VARIABLE = YES;
				IPHONEOS_DEPLOYMENT_TARGET = 16.0;
				MTL_ENABLE_DEBUG_INFO = NO;
				MTL_FAST_MATH = YES;
				SDKROOT = iphoneos;
				SWIFT_COMPILATION_MODE = wholemodule;
				SWIFT_OPTIMIZATION_LEVEL = "-O";
				VALIDATE_PRODUCT = YES;
			};
			name = Release;
		};
		FEFA989928F6481600A867DE /* Debug */ = {
			isa = XCBuildConfiguration;
			buildSettings = {
				ASSETCATALOG_COMPILER_APPICON_NAME = AppIcon;
				ASSETCATALOG_COMPILER_GLOBAL_ACCENT_COLOR_NAME = AccentColor;
				CODE_SIGN_STYLE = Automatic;
				CURRENT_PROJECT_VERSION = 1;
				DEVELOPMENT_ASSET_PATHS = "\"ArrowTest/Preview Content\"";
				DEVELOPMENT_TEAM = 4LBT7283WA;
				ENABLE_PREVIEWS = YES;
				GENERATE_INFOPLIST_FILE = YES;
				INFOPLIST_KEY_UIApplicationSceneManifest_Generation = YES;
				INFOPLIST_KEY_UIApplicationSupportsIndirectInputEvents = YES;
				INFOPLIST_KEY_UILaunchScreen_Generation = YES;
				INFOPLIST_KEY_UISupportedInterfaceOrientations_iPad = "UIInterfaceOrientationPortrait UIInterfaceOrientationPortraitUpsideDown UIInterfaceOrientationLandscapeLeft UIInterfaceOrientationLandscapeRight";
				INFOPLIST_KEY_UISupportedInterfaceOrientations_iPhone = "UIInterfaceOrientationPortrait UIInterfaceOrientationLandscapeLeft UIInterfaceOrientationLandscapeRight";
				LD_RUNPATH_SEARCH_PATHS = (
					"$(inherited)",
					"@executable_path/Frameworks",
				);
				MARKETING_VERSION = 1.0;
				PRODUCT_BUNDLE_IDENTIFIER = Sam.ArrowTest;
				PRODUCT_NAME = "$(TARGET_NAME)";
				SWIFT_EMIT_LOC_STRINGS = YES;
				SWIFT_VERSION = 5.0;
				TARGETED_DEVICE_FAMILY = "1,2";
			};
			name = Debug;
		};
		FEFA989A28F6481600A867DE /* Release */ = {
			isa = XCBuildConfiguration;
			buildSettings = {
				ASSETCATALOG_COMPILER_APPICON_NAME = AppIcon;
				ASSETCATALOG_COMPILER_GLOBAL_ACCENT_COLOR_NAME = AccentColor;
				CODE_SIGN_STYLE = Automatic;
				CURRENT_PROJECT_VERSION = 1;
				DEVELOPMENT_ASSET_PATHS = "\"ArrowTest/Preview Content\"";
				DEVELOPMENT_TEAM = 4LBT7283WA;
				ENABLE_PREVIEWS = YES;
				GENERATE_INFOPLIST_FILE = YES;
				INFOPLIST_KEY_UIApplicationSceneManifest_Generation = YES;
				INFOPLIST_KEY_UIApplicationSupportsIndirectInputEvents = YES;
				INFOPLIST_KEY_UILaunchScreen_Generation = YES;
				INFOPLIST_KEY_UISupportedInterfaceOrientations_iPad = "UIInterfaceOrientationPortrait UIInterfaceOrientationPortraitUpsideDown UIInterfaceOrientationLandscapeLeft UIInterfaceOrientationLandscapeRight";
				INFOPLIST_KEY_UISupportedInterfaceOrientations_iPhone = "UIInterfaceOrientationPortrait UIInterfaceOrientationLandscapeLeft UIInterfaceOrientationLandscapeRight";
				LD_RUNPATH_SEARCH_PATHS = (
					"$(inherited)",
					"@executable_path/Frameworks",
				);
				MARKETING_VERSION = 1.0;
				PRODUCT_BUNDLE_IDENTIFIER = Sam.ArrowTest;
				PRODUCT_NAME = "$(TARGET_NAME)";
				SWIFT_EMIT_LOC_STRINGS = YES;
				SWIFT_VERSION = 5.0;
				TARGETED_DEVICE_FAMILY = "1,2";
			};
			name = Release;
		};
		FEFA989C28F6481600A867DE /* Debug */ = {
			isa = XCBuildConfiguration;
			buildSettings = {
				ALWAYS_EMBED_SWIFT_STANDARD_LIBRARIES = YES;
				BUNDLE_LOADER = "$(TEST_HOST)";
				CODE_SIGN_STYLE = Automatic;
				CURRENT_PROJECT_VERSION = 1;
				DEVELOPMENT_TEAM = 4LBT7283WA;
				GENERATE_INFOPLIST_FILE = YES;
				IPHONEOS_DEPLOYMENT_TARGET = 16.0;
				MARKETING_VERSION = 1.0;
				PRODUCT_BUNDLE_IDENTIFIER = Sam.ArrowTestTests;
				PRODUCT_NAME = "$(TARGET_NAME)";
				SWIFT_EMIT_LOC_STRINGS = NO;
				SWIFT_VERSION = 5.0;
				TARGETED_DEVICE_FAMILY = "1,2";
				TEST_HOST = "$(BUILT_PRODUCTS_DIR)/ArrowTest.app/$(BUNDLE_EXECUTABLE_FOLDER_PATH)/ArrowTest";
			};
			name = Debug;
		};
		FEFA989D28F6481600A867DE /* Release */ = {
			isa = XCBuildConfiguration;
			buildSettings = {
				ALWAYS_EMBED_SWIFT_STANDARD_LIBRARIES = YES;
				BUNDLE_LOADER = "$(TEST_HOST)";
				CODE_SIGN_STYLE = Automatic;
				CURRENT_PROJECT_VERSION = 1;
				DEVELOPMENT_TEAM = 4LBT7283WA;
				GENERATE_INFOPLIST_FILE = YES;
				IPHONEOS_DEPLOYMENT_TARGET = 16.0;
				MARKETING_VERSION = 1.0;
				PRODUCT_BUNDLE_IDENTIFIER = Sam.ArrowTestTests;
				PRODUCT_NAME = "$(TARGET_NAME)";
				SWIFT_EMIT_LOC_STRINGS = NO;
				SWIFT_VERSION = 5.0;
				TARGETED_DEVICE_FAMILY = "1,2";
				TEST_HOST = "$(BUILT_PRODUCTS_DIR)/ArrowTest.app/$(BUNDLE_EXECUTABLE_FOLDER_PATH)/ArrowTest";
			};
			name = Release;
		};
		FEFA989F28F6481600A867DE /* Debug */ = {
			isa = XCBuildConfiguration;
			buildSettings = {
				ALWAYS_EMBED_SWIFT_STANDARD_LIBRARIES = YES;
				CODE_SIGN_STYLE = Automatic;
				CURRENT_PROJECT_VERSION = 1;
				DEVELOPMENT_TEAM = 4LBT7283WA;
				GENERATE_INFOPLIST_FILE = YES;
				MARKETING_VERSION = 1.0;
				PRODUCT_BUNDLE_IDENTIFIER = Sam.ArrowTestUITests;
				PRODUCT_NAME = "$(TARGET_NAME)";
				SWIFT_EMIT_LOC_STRINGS = NO;
				SWIFT_VERSION = 5.0;
				TARGETED_DEVICE_FAMILY = "1,2";
				TEST_TARGET_NAME = ArrowTest;
			};
			name = Debug;
		};
		FEFA98A028F6481600A867DE /* Release */ = {
			isa = XCBuildConfiguration;
			buildSettings = {
				ALWAYS_EMBED_SWIFT_STANDARD_LIBRARIES = YES;
				CODE_SIGN_STYLE = Automatic;
				CURRENT_PROJECT_VERSION = 1;
				DEVELOPMENT_TEAM = 4LBT7283WA;
				GENERATE_INFOPLIST_FILE = YES;
				MARKETING_VERSION = 1.0;
				PRODUCT_BUNDLE_IDENTIFIER = Sam.ArrowTestUITests;
				PRODUCT_NAME = "$(TARGET_NAME)";
				SWIFT_EMIT_LOC_STRINGS = NO;
				SWIFT_VERSION = 5.0;
				TARGETED_DEVICE_FAMILY = "1,2";
				TEST_TARGET_NAME = ArrowTest;
			};
			name = Release;
		};
/* End XCBuildConfiguration section */

/* Begin XCConfigurationList section */
		FEFA986F28F6481500A867DE /* Build configuration list for PBXProject "ArrowTest" */ = {
			isa = XCConfigurationList;
			buildConfigurations = (
				FEFA989628F6481600A867DE /* Debug */,
				FEFA989728F6481600A867DE /* Release */,
			);
			defaultConfigurationIsVisible = 0;
			defaultConfigurationName = Release;
		};
		FEFA989828F6481600A867DE /* Build configuration list for PBXNativeTarget "ArrowTest" */ = {
			isa = XCConfigurationList;
			buildConfigurations = (
				FEFA989928F6481600A867DE /* Debug */,
				FEFA989A28F6481600A867DE /* Release */,
			);
			defaultConfigurationIsVisible = 0;
			defaultConfigurationName = Release;
		};
		FEFA989B28F6481600A867DE /* Build configuration list for PBXNativeTarget "ArrowTestTests" */ = {
			isa = XCConfigurationList;
			buildConfigurations = (
				FEFA989C28F6481600A867DE /* Debug */,
				FEFA989D28F6481600A867DE /* Release */,
			);
			defaultConfigurationIsVisible = 0;
			defaultConfigurationName = Release;
		};
		FEFA989E28F6481600A867DE /* Build configuration list for PBXNativeTarget "ArrowTestUITests" */ = {
			isa = XCConfigurationList;
			buildConfigurations = (
				FEFA989F28F6481600A867DE /* Debug */,
				FEFA98A028F6481600A867DE /* Release */,
			);
			defaultConfigurationIsVisible = 0;
			defaultConfigurationName = Release;
		};
/* End XCConfigurationList section */
	};
	rootObject = FEFA986C28F6481500A867DE /* Project object */;
}
